PODS:
  - SwiftSignatureView (3.0.0)

DEPENDENCIES:
  - SwiftSignatureView (from `../`)

EXTERNAL SOURCES:
  SwiftSignatureView:
    :path: "../"

SPEC CHECKSUMS:
  SwiftSignatureView: 8c19599d9df0c9ae41f3b175c9496e875ad0f9f9

PODFILE CHECKSUM: 929bc4f63ccd9f7c282d28b1a54f6826f4f90465

COCOAPODS: 1.9.3
