PODS:
  - SwiftSignatureView (3.2.5)

DEPENDENCIES:
  - SwiftSignatureView (from `../`)

EXTERNAL SOURCES:
  SwiftSignatureView:
    :path: "../"

SPEC CHECKSUMS:
  SwiftSignatureView: 0dbe1e49124a808812c57df3fbd9542d4cfdb90d

PODFILE CHECKSUM: 929bc4f63ccd9f7c282d28b1a54f6826f4f90465

COCOAPODS: 1.9.3
