PODS:
  - FBSnapshotTestCase (2.0.2):
    - FBSnapshotTestCase/SwiftSupport (= 2.0.2)
  - FBSnapshotTestCase/Core (2.0.2)
  - FBSnapshotTestCase/SwiftSupport (2.0.2):
    - FBSnapshotTestCase/Core
  - SwiftSignatureView (0.1.0)

DEPENDENCIES:
  - FBSnapshotTestCase
  - SwiftSignatureView (from `../`)

EXTERNAL SOURCES:
  SwiftSignatureView:
    :path: ../

SPEC CHECKSUMS:
  FBSnapshotTestCase: fd500d5b282c4ec60215d26d0b58b0cf271dd0d6
  SwiftSignatureView: 41fe35863879a6948aa1646e7db58f5029f4f179

COCOAPODS: 0.37.2
